<?xml version="1.0" encoding="utf-8"?>
<Project ToolsVersion="4.0" xmlns="http://schemas.microsoft.com/developer/msbuild/2003">
  <ItemGroup>
    <Filter Include="win32">
      <UniqueIdentifier>{84a8ebd7-7cf0-47f6-b75e-d441df67da40}</UniqueIdentifier>
    </Filter>
    <Filter Include="Classes">
      <UniqueIdentifier>{bb6c862e-70e9-49d9-81b7-3829a6f50471}</UniqueIdentifier>
    </Filter>
    <Filter Include="resource">
      <UniqueIdentifier>{715254bc-d70b-4ec5-bf29-467dd3ace079}</UniqueIdentifier>
    </Filter>
    <Filter Include="Classes\core">
      <UniqueIdentifier>{8958504a-d560-4e8c-8411-8fec9439ff28}</UniqueIdentifier>
    </Filter>
    <Filter Include="Classes\game">
      <UniqueIdentifier>{fa4c1bde-165f-4be7-82d3-02ebb97c636a}</UniqueIdentifier>
    </Filter>
    <Filter Include="Classes\physics">
      <UniqueIdentifier>{ae3ce222-e95d-481f-b339-a0cd60956894}</UniqueIdentifier>
    </Filter>
    <Filter Include="Classes\graphics">
      <UniqueIdentifier>{01743cdc-efcf-45f1-8718-e546e1e9751d}</UniqueIdentifier>
    </Filter>
  </ItemGroup>
  <ItemGroup>
    <ClCompile Include="main.cpp">
      <Filter>win32</Filter>
    </ClCompile>
    <ClCompile Include="..\Classes\AppDelegate.cpp">
      <Filter>Classes</Filter>
    </ClCompile>
    <ClCompile Include="..\Classes\core\SynthManager.cpp">
      <Filter>Classes\core</Filter>
    </ClCompile>
    <ClCompile Include="..\Classes\game\GameManager.cpp">
      <Filter>Classes\game</Filter>
    </ClCompile>
    <ClCompile Include="..\Classes\core\SynthActor.cpp">
      <Filter>Classes\core</Filter>
    </ClCompile>
    <ClCompile Include="..\Classes\core\SynthComponent.cpp">
      <Filter>Classes\core</Filter>
    </ClCompile>
    <ClCompile Include="..\Classes\physics\GeometryComponent.cpp">
      <Filter>Classes\physics</Filter>
    </ClCompile>
    <ClCompile Include="..\Classes\graphics\SpriteComponent.cpp">
      <Filter>Classes\graphics</Filter>
    </ClCompile>
    <ClCompile Include="..\Classes\physics\MovementComponent.cpp">
      <Filter>Classes\physics</Filter>
    </ClCompile>
  </ItemGroup>
  <ItemGroup>
    <ClInclude Include="main.h">
      <Filter>win32</Filter>
    </ClInclude>
    <ClInclude Include="..\Classes\AppDelegate.h">
      <Filter>Classes</Filter>
    </ClInclude>
    <ClInclude Include="..\Classes\core\SynthManager.h">
      <Filter>Classes\core</Filter>
    </ClInclude>
    <ClInclude Include="..\Classes\game\GameManager.h">
      <Filter>Classes\game</Filter>
    </ClInclude>
    <ClInclude Include="..\Classes\core\SynthActor.h">
      <Filter>Classes\core</Filter>
    </ClInclude>
    <ClInclude Include="..\Classes\core\SynthComponent.h">
      <Filter>Classes\core</Filter>
    </ClInclude>
    <ClInclude Include="..\Classes\physics\GeometryComponent.h">
      <Filter>Classes\physics</Filter>
    </ClInclude>
    <ClInclude Include="..\Classes\graphics\SpriteComponent.h">
      <Filter>Classes\graphics</Filter>
    </ClInclude>
    <ClInclude Include="..\Classes\physics\MovementComponent.h">
      <Filter>Classes\physics</Filter>
    </ClInclude>
  </ItemGroup>
  <ItemGroup>
    <ResourceCompile Include="game.rc">
      <Filter>resource</Filter>
    </ResourceCompile>
  </ItemGroup>
</Project>